
Microsoft Visual Studio Solution File, Format Version 12.00
# Visual Studio Version 17
VisualStudioVersion = 17.0.31903.59
MinimumVisualStudioVersion = 10.0.40219.1
Project("{2150E333-8FDC-42A3-9474-1A3956D46DE8}") = "src", "src", "{827E0CD3-B72D-47B6-A68D-7590B98EB39B}"
EndProject
Project("{FAE04EC0-301F-11D3-BF4B-00C04F79EFBC}") = "BatchDemo.Api", "src\BatchDemo.Api\BatchDemo.Api.csproj", "{2CE852B1-4BE1-440D-B4F7-5D9EE82B3BC7}"
EndProject
Project("{FAE04EC0-301F-11D3-BF4B-00C04F79EFBC}") = "BatchDemo.Application", "src\BatchDemo.Application\BatchDemo.Application.csproj", "{65CD569C-2D5F-43EE-B4B8-FE3B85035B64}"
EndProject
Project("{FAE04EC0-301F-11D3-BF4B-00C04F79EFBC}") = "BatchDemo.Domain", "src\BatchDemo.Domain\BatchDemo.Domain.csproj", "{A0039C73-B5FE-4866-9AA6-B84BB494E6D1}"
EndProject
Project("{FAE04EC0-301F-11D3-BF4B-00C04F79EFBC}") = "BatchDemo.Infrastructure", "src\BatchDemo.Infrastructure\BatchDemo.Infrastructure.csproj", "{5A87D06E-656E-417B-9169-32287E27C889}"
EndProject
Project("{FAE04EC0-301F-11D3-BF4B-00C04F79EFBC}") = "BatchDemo.Worker", "src\BatchDemo.Worker\BatchDemo.Worker.csproj", "{0D00C9C9-97CF-4817-A182-1BA0568BF972}"
EndProject
Project("{2150E333-8FDC-42A3-9474-1A3956D46DE8}") = "tests", "tests", "{0AB3BF05-4346-4AA6-1389-037BE0695223}"
EndProject
Project("{FAE04EC0-301F-11D3-BF4B-00C04F79EFBC}") = "BatchDemo.UnitTests", "tests\BatchDemo.UnitTests\BatchDemo.UnitTests.csproj", "{4B39BE90-AB7D-49E0-8B55-C699F1030AAD}"
EndProject
Project("{FAE04EC0-301F-11D3-BF4B-00C04F79EFBC}") = "BatchDemo.IntegrationTests", "tests\BatchDemo.IntegrationTests\BatchDemo.IntegrationTests.csproj", "{72E0B6A7-4F3E-45E6-A00E-907C6F137EAB}"
EndProject
Global
	GlobalSection(SolutionConfigurationPlatforms) = preSolution
		Debug|Any CPU = Debug|Any CPU
		Debug|x64 = Debug|x64
		Debug|x86 = Debug|x86
		Release|Any CPU = Release|Any CPU
		Release|x64 = Release|x64
		Release|x86 = Release|x86
	EndGlobalSection
	GlobalSection(ProjectConfigurationPlatforms) = postSolution
		{2CE852B1-4BE1-440D-B4F7-5D9EE82B3BC7}.Debug|Any CPU.ActiveCfg = Debug|Any CPU
		{2CE852B1-4BE1-440D-B4F7-5D9EE82B3BC7}.Debug|Any CPU.Build.0 = Debug|Any CPU
		{2CE852B1-4BE1-440D-B4F7-5D9EE82B3BC7}.Debug|x64.ActiveCfg = Debug|Any CPU
		{2CE852B1-4BE1-440D-B4F7-5D9EE82B3BC7}.Debug|x64.Build.0 = Debug|Any CPU
		{2CE852B1-4BE1-440D-B4F7-5D9EE82B3BC7}.Debug|x86.ActiveCfg = Debug|Any CPU
		{2CE852B1-4BE1-440D-B4F7-5D9EE82B3BC7}.Debug|x86.Build.0 = Debug|Any CPU
		{2CE852B1-4BE1-440D-B4F7-5D9EE82B3BC7}.Release|Any CPU.ActiveCfg = Release|Any CPU
		{2CE852B1-4BE1-440D-B4F7-5D9EE82B3BC7}.Release|Any CPU.Build.0 = Release|Any CPU
		{2CE852B1-4BE1-440D-B4F7-5D9EE82B3BC7}.Release|x64.ActiveCfg = Release|Any CPU
		{2CE852B1-4BE1-440D-B4F7-5D9EE82B3BC7}.Release|x64.Build.0 = Release|Any CPU
		{2CE852B1-4BE1-440D-B4F7-5D9EE82B3BC7}.Release|x86.ActiveCfg = Release|Any CPU
		{2CE852B1-4BE1-440D-B4F7-5D9EE82B3BC7}.Release|x86.Build.0 = Release|Any CPU
		{65CD569C-2D5F-43EE-B4B8-FE3B85035B64}.Debug|Any CPU.ActiveCfg = Debug|Any CPU
		{65CD569C-2D5F-43EE-B4B8-FE3B85035B64}.Debug|Any CPU.Build.0 = Debug|Any CPU
		{65CD569C-2D5F-43EE-B4B8-FE3B85035B64}.Debug|x64.ActiveCfg = Debug|Any CPU
		{65CD569C-2D5F-43EE-B4B8-FE3B85035B64}.Debug|x64.Build.0 = Debug|Any CPU
		{65CD569C-2D5F-43EE-B4B8-FE3B85035B64}.Debug|x86.ActiveCfg = Debug|Any CPU
		{65CD569C-2D5F-43EE-B4B8-FE3B85035B64}.Debug|x86.Build.0 = Debug|Any CPU
		{65CD569C-2D5F-43EE-B4B8-FE3B85035B64}.Release|Any CPU.ActiveCfg = Release|Any CPU
		{65CD569C-2D5F-43EE-B4B8-FE3B85035B64}.Release|Any CPU.Build.0 = Release|Any CPU
		{65CD569C-2D5F-43EE-B4B8-FE3B85035B64}.Release|x64.ActiveCfg = Release|Any CPU
		{65CD569C-2D5F-43EE-B4B8-FE3B85035B64}.Release|x64.Build.0 = Release|Any CPU
		{65CD569C-2D5F-43EE-B4B8-FE3B85035B64}.Release|x86.ActiveCfg = Release|Any CPU
		{65CD569C-2D5F-43EE-B4B8-FE3B85035B64}.Release|x86.Build.0 = Release|Any CPU
		{A0039C73-B5FE-4866-9AA6-B84BB494E6D1}.Debug|Any CPU.ActiveCfg = Debug|Any CPU
		{A0039C73-B5FE-4866-9AA6-B84BB494E6D1}.Debug|Any CPU.Build.0 = Debug|Any CPU
		{A0039C73-B5FE-4866-9AA6-B84BB494E6D1}.Debug|x64.ActiveCfg = Debug|Any CPU
		{A0039C73-B5FE-4866-9AA6-B84BB494E6D1}.Debug|x64.Build.0 = Debug|Any CPU
		{A0039C73-B5FE-4866-9AA6-B84BB494E6D1}.Debug|x86.ActiveCfg = Debug|Any CPU
		{A0039C73-B5FE-4866-9AA6-B84BB494E6D1}.Debug|x86.Build.0 = Debug|Any CPU
		{A0039C73-B5FE-4866-9AA6-B84BB494E6D1}.Release|Any CPU.ActiveCfg = Release|Any CPU
		{A0039C73-B5FE-4866-9AA6-B84BB494E6D1}.Release|Any CPU.Build.0 = Release|Any CPU
		{A0039C73-B5FE-4866-9AA6-B84BB494E6D1}.Release|x64.ActiveCfg = Release|Any CPU
		{A0039C73-B5FE-4866-9AA6-B84BB494E6D1}.Release|x64.Build.0 = Release|Any CPU
		{A0039C73-B5FE-4866-9AA6-B84BB494E6D1}.Release|x86.ActiveCfg = Release|Any CPU
		{A0039C73-B5FE-4866-9AA6-B84BB494E6D1}.Release|x86.Build.0 = Release|Any CPU
		{5A87D06E-656E-417B-9169-32287E27C889}.Debug|Any CPU.ActiveCfg = Debug|Any CPU
		{5A87D06E-656E-417B-9169-32287E27C889}.Debug|Any CPU.Build.0 = Debug|Any CPU
		{5A87D06E-656E-417B-9169-32287E27C889}.Debug|x64.ActiveCfg = Debug|Any CPU
		{5A87D06E-656E-417B-9169-32287E27C889}.Debug|x64.Build.0 = Debug|Any CPU
		{5A87D06E-656E-417B-9169-32287E27C889}.Debug|x86.ActiveCfg = Debug|Any CPU
		{5A87D06E-656E-417B-9169-32287E27C889}.Debug|x86.Build.0 = Debug|Any CPU
		{5A87D06E-656E-417B-9169-32287E27C889}.Release|Any CPU.ActiveCfg = Release|Any CPU
		{5A87D06E-656E-417B-9169-32287E27C889}.Release|Any CPU.Build.0 = Release|Any CPU
		{5A87D06E-656E-417B-9169-32287E27C889}.Release|x64.ActiveCfg = Release|Any CPU
		{5A87D06E-656E-417B-9169-32287E27C889}.Release|x64.Build.0 = Release|Any CPU
		{5A87D06E-656E-417B-9169-32287E27C889}.Release|x86.ActiveCfg = Release|Any CPU
		{5A87D06E-656E-417B-9169-32287E27C889}.Release|x86.Build.0 = Release|Any CPU
		{0D00C9C9-97CF-4817-A182-1BA0568BF972}.Debug|Any CPU.ActiveCfg = Debug|Any CPU
		{0D00C9C9-97CF-4817-A182-1BA0568BF972}.Debug|Any CPU.Build.0 = Debug|Any CPU
		{0D00C9C9-97CF-4817-A182-1BA0568BF972}.Debug|x64.ActiveCfg = Debug|Any CPU
		{0D00C9C9-97CF-4817-A182-1BA0568BF972}.Debug|x64.Build.0 = Debug|Any CPU
		{0D00C9C9-97CF-4817-A182-1BA0568BF972}.Debug|x86.ActiveCfg = Debug|Any CPU
		{0D00C9C9-97CF-4817-A182-1BA0568BF972}.Debug|x86.Build.0 = Debug|Any CPU
		{0D00C9C9-97CF-4817-A182-1BA0568BF972}.Release|Any CPU.ActiveCfg = Release|Any CPU
		{0D00C9C9-97CF-4817-A182-1BA0568BF972}.Release|Any CPU.Build.0 = Release|Any CPU
		{0D00C9C9-97CF-4817-A182-1BA0568BF972}.Release|x64.ActiveCfg = Release|Any CPU
		{0D00C9C9-97CF-4817-A182-1BA0568BF972}.Release|x64.Build.0 = Release|Any CPU
		{0D00C9C9-97CF-4817-A182-1BA0568BF972}.Release|x86.ActiveCfg = Release|Any CPU
		{0D00C9C9-97CF-4817-A182-1BA0568BF972}.Release|x86.Build.0 = Release|Any CPU
		{4B39BE90-AB7D-49E0-8B55-C699F1030AAD}.Debug|Any CPU.ActiveCfg = Debug|Any CPU
		{4B39BE90-AB7D-49E0-8B55-C699F1030AAD}.Debug|Any CPU.Build.0 = Debug|Any CPU
		{4B39BE90-AB7D-49E0-8B55-C699F1030AAD}.Debug|x64.ActiveCfg = Debug|Any CPU
		{4B39BE90-AB7D-49E0-8B55-C699F1030AAD}.Debug|x64.Build.0 = Debug|Any CPU
		{4B39BE90-AB7D-49E0-8B55-C699F1030AAD}.Debug|x86.ActiveCfg = Debug|Any CPU
		{4B39BE90-AB7D-49E0-8B55-C699F1030AAD}.Debug|x86.Build.0 = Debug|Any CPU
		{4B39BE90-AB7D-49E0-8B55-C699F1030AAD}.Release|Any CPU.ActiveCfg = Release|Any CPU
		{4B39BE90-AB7D-49E0-8B55-C699F1030AAD}.Release|Any CPU.Build.0 = Release|Any CPU
		{4B39BE90-AB7D-49E0-8B55-C699F1030AAD}.Release|x64.ActiveCfg = Release|Any CPU
		{4B39BE90-AB7D-49E0-8B55-C699F1030AAD}.Release|x64.Build.0 = Release|Any CPU
		{4B39BE90-AB7D-49E0-8B55-C699F1030AAD}.Release|x86.ActiveCfg = Release|Any CPU
		{4B39BE90-AB7D-49E0-8B55-C699F1030AAD}.Release|x86.Build.0 = Release|Any CPU
		{72E0B6A7-4F3E-45E6-A00E-907C6F137EAB}.Debug|Any CPU.ActiveCfg = Debug|Any CPU
		{72E0B6A7-4F3E-45E6-A00E-907C6F137EAB}.Debug|Any CPU.Build.0 = Debug|Any CPU
		{72E0B6A7-4F3E-45E6-A00E-907C6F137EAB}.Debug|x64.ActiveCfg = Debug|Any CPU
		{72E0B6A7-4F3E-45E6-A00E-907C6F137EAB}.Debug|x64.Build.0 = Debug|Any CPU
		{72E0B6A7-4F3E-45E6-A00E-907C6F137EAB}.Debug|x86.ActiveCfg = Debug|Any CPU
		{72E0B6A7-4F3E-45E6-A00E-907C6F137EAB}.Debug|x86.Build.0 = Debug|Any CPU
		{72E0B6A7-4F3E-45E6-A00E-907C6F137EAB}.Release|Any CPU.ActiveCfg = Release|Any CPU
		{72E0B6A7-4F3E-45E6-A00E-907C6F137EAB}.Release|Any CPU.Build.0 = Release|Any CPU
		{72E0B6A7-4F3E-45E6-A00E-907C6F137EAB}.Release|x64.ActiveCfg = Release|Any CPU
		{72E0B6A7-4F3E-45E6-A00E-907C6F137EAB}.Release|x64.Build.0 = Release|Any CPU
		{72E0B6A7-4F3E-45E6-A00E-907C6F137EAB}.Release|x86.ActiveCfg = Release|Any CPU
		{72E0B6A7-4F3E-45E6-A00E-907C6F137EAB}.Release|x86.Build.0 = Release|Any CPU
	EndGlobalSection
	GlobalSection(SolutionProperties) = preSolution
		HideSolutionNode = FALSE
	EndGlobalSection
	GlobalSection(NestedProjects) = preSolution
		{2CE852B1-4BE1-440D-B4F7-5D9EE82B3BC7} = {827E0CD3-B72D-47B6-A68D-7590B98EB39B}
		{65CD569C-2D5F-43EE-B4B8-FE3B85035B64} = {827E0CD3-B72D-47B6-A68D-7590B98EB39B}
		{A0039C73-B5FE-4866-9AA6-B84BB494E6D1} = {827E0CD3-B72D-47B6-A68D-7590B98EB39B}
		{5A87D06E-656E-417B-9169-32287E27C889} = {827E0CD3-B72D-47B6-A68D-7590B98EB39B}
		{0D00C9C9-97CF-4817-A182-1BA0568BF972} = {827E0CD3-B72D-47B6-A68D-7590B98EB39B}
		{4B39BE90-AB7D-49E0-8B55-C699F1030AAD} = {0AB3BF05-4346-4AA6-1389-037BE0695223}
		{72E0B6A7-4F3E-45E6-A00E-907C6F137EAB} = {0AB3BF05-4346-4AA6-1389-037BE0695223}
	EndGlobalSection
EndGlobal
